
Microsoft Visual Studio Solution File, Format Version 12.00
# Visual Studio Version 17
VisualStudioVersion = 17.4.33103.184
MinimumVisualStudioVersion = 10.0.40219.1
Project("{FAE04EC0-301F-11D3-BF4B-00C04F79EFBC}") = "WebFormsApp", "WebFormsApp\WebFormsApp.csproj", "{C1796240-2F56-4DBC-92F4-95BFFF73AEB2}"
EndProject
Project("{9A19103F-16F7-4668-BE54-9A1E7A4F7556}") = "ECommLib", "ECommLib\ECommLib.csproj", "{459C76A4-A982-4649-B979-BDC4F193F70E}"
EndProject
Project("{FAE04EC0-301F-11D3-BF4B-00C04F79EFBC}") = "WebFormsApp2", "WebFormsApp2\WebFormsApp2.csproj", "{5A87527A-4745-4E11-AE3C-08641E85879E}"
EndProject
Project("{FAE04EC0-301F-11D3-BF4B-00C04F79EFBC}") = "MvcApp", "MvcApp\MvcApp.csproj", "{36093090-102F-49C5-93BB-159767F8D172}"
EndProject
Project("{FAE04EC0-301F-11D3-BF4B-00C04F79EFBC}") = "ECommCore", "ECommCore\ECommCore.csproj", "{80E49DCC-EF64-4507-B1A7-E09E3F0C4113}"
EndProject
Project("{FAE04EC0-301F-11D3-BF4B-00C04F79EFBC}") = "ECommCoreMVC", "ECommCoreMVC\ECommCoreMVC.csproj", "{07ABA116-F3B5-4582-BE77-49D02480EC64}"
EndProject
Global
	GlobalSection(SolutionConfigurationPlatforms) = preSolution
		Debug|Any CPU = Debug|Any CPU
		Release|Any CPU = Release|Any CPU
	EndGlobalSection
	GlobalSection(ProjectConfigurationPlatforms) = postSolution
		{C1796240-2F56-4DBC-92F4-95BFFF73AEB2}.Debug|Any CPU.ActiveCfg = Debug|Any CPU
		{C1796240-2F56-4DBC-92F4-95BFFF73AEB2}.Debug|Any CPU.Build.0 = Debug|Any CPU
		{C1796240-2F56-4DBC-92F4-95BFFF73AEB2}.Release|Any CPU.ActiveCfg = Release|Any CPU
		{C1796240-2F56-4DBC-92F4-95BFFF73AEB2}.Release|Any CPU.Build.0 = Release|Any CPU
		{459C76A4-A982-4649-B979-BDC4F193F70E}.Debug|Any CPU.ActiveCfg = Debug|Any CPU
		{459C76A4-A982-4649-B979-BDC4F193F70E}.Debug|Any CPU.Build.0 = Debug|Any CPU
		{459C76A4-A982-4649-B979-BDC4F193F70E}.Release|Any CPU.ActiveCfg = Release|Any CPU
		{459C76A4-A982-4649-B979-BDC4F193F70E}.Release|Any CPU.Build.0 = Release|Any CPU
		{5A87527A-4745-4E11-AE3C-08641E85879E}.Debug|Any CPU.ActiveCfg = Debug|Any CPU
		{5A87527A-4745-4E11-AE3C-08641E85879E}.Debug|Any CPU.Build.0 = Debug|Any CPU
		{5A87527A-4745-4E11-AE3C-08641E85879E}.Release|Any CPU.ActiveCfg = Release|Any CPU
		{5A87527A-4745-4E11-AE3C-08641E85879E}.Release|Any CPU.Build.0 = Release|Any CPU
		{36093090-102F-49C5-93BB-159767F8D172}.Debug|Any CPU.ActiveCfg = Debug|Any CPU
		{36093090-102F-49C5-93BB-159767F8D172}.Debug|Any CPU.Build.0 = Debug|Any CPU
		{36093090-102F-49C5-93BB-159767F8D172}.Release|Any CPU.ActiveCfg = Release|Any CPU
		{36093090-102F-49C5-93BB-159767F8D172}.Release|Any CPU.Build.0 = Release|Any CPU
		{80E49DCC-EF64-4507-B1A7-E09E3F0C4113}.Debug|Any CPU.ActiveCfg = Debug|Any CPU
		{80E49DCC-EF64-4507-B1A7-E09E3F0C4113}.Debug|Any CPU.Build.0 = Debug|Any CPU
		{80E49DCC-EF64-4507-B1A7-E09E3F0C4113}.Release|Any CPU.ActiveCfg = Release|Any CPU
		{80E49DCC-EF64-4507-B1A7-E09E3F0C4113}.Release|Any CPU.Build.0 = Release|Any CPU
		{07ABA116-F3B5-4582-BE77-49D02480EC64}.Debug|Any CPU.ActiveCfg = Debug|Any CPU
		{07ABA116-F3B5-4582-BE77-49D02480EC64}.Debug|Any CPU.Build.0 = Debug|Any CPU
		{07ABA116-F3B5-4582-BE77-49D02480EC64}.Release|Any CPU.ActiveCfg = Release|Any CPU
		{07ABA116-F3B5-4582-BE77-49D02480EC64}.Release|Any CPU.Build.0 = Release|Any CPU
	EndGlobalSection
	GlobalSection(SolutionProperties) = preSolution
		HideSolutionNode = FALSE
	EndGlobalSection
	GlobalSection(ExtensibilityGlobals) = postSolution
		SolutionGuid = {A2469368-261B-4E6D-A988-E6D727C76DC7}
	EndGlobalSection
EndGlobal
